<?xml version="1.0" encoding="utf-8"?>
<Project ToolsVersion="4.0" xmlns="http://schemas.microsoft.com/developer/msbuild/2003">
  <ItemGroup>
    <Filter Include="源文件">
      <UniqueIdentifier>{4FC737F1-C7A5-4376-A066-2A32D752A2FF}</UniqueIdentifier>
      <Extensions>cpp;c;cc;cxx;def;odl;idl;hpj;bat;asm;asmx</Extensions>
    </Filter>
    <Filter Include="头文件">
      <UniqueIdentifier>{93995380-89BD-4b04-88EB-625FBE52EBFB}</UniqueIdentifier>
      <Extensions>h;hh;hpp;hxx;hm;inl;inc;xsd</Extensions>
    </Filter>
    <Filter Include="资源文件">
      <UniqueIdentifier>{67DA6AB6-F800-4c08-8B7A-83BB121AAD01}</UniqueIdentifier>
      <Extensions>rc;ico;cur;bmp;dlg;rc2;rct;bin;rgs;gif;jpg;jpeg;jpe;resx;tiff;tif;png;wav;mfcribbon-ms</Extensions>
    </Filter>
    <Filter Include="头文件\DeviceBase">
      <UniqueIdentifier>{4d7febc1-f316-4f47-85fe-b5b34d84795d}</UniqueIdentifier>
    </Filter>
    <Filter Include="源文件\DeviceBase">
      <UniqueIdentifier>{91f5efec-5f1c-4dba-96b7-9e68f9431ddc}</UniqueIdentifier>
    </Filter>
    <Filter Include="头文件\HvdcApp">
      <UniqueIdentifier>{040b8299-4f32-4efc-b1d6-a6976800b676}</UniqueIdentifier>
    </Filter>
    <Filter Include="源文件\HvdcApp">
      <UniqueIdentifier>{22303ba8-77c7-4823-bab2-ce35b754df66}</UniqueIdentifier>
    </Filter>
    <Filter Include="头文件\基本框架">
      <UniqueIdentifier>{ba516e7f-a4c0-4aec-8ac2-17844734a104}</UniqueIdentifier>
    </Filter>
    <Filter Include="源文件\基本框架">
      <UniqueIdentifier>{fba3e2c4-516c-447f-b5b6-a524f4b1f1c7}</UniqueIdentifier>
    </Filter>
    <Filter Include="源文件\基本框架\数据库">
      <UniqueIdentifier>{74faf1ce-a953-41d7-be25-bf23197edd9b}</UniqueIdentifier>
    </Filter>
    <Filter Include="源文件\基本框架\对象基类">
      <UniqueIdentifier>{bc700834-68e8-471b-8718-a0939573df9c}</UniqueIdentifier>
    </Filter>
    <Filter Include="头文件\基本框架\对象基类">
      <UniqueIdentifier>{a5e5c038-3771-404e-b001-fc65393059c8}</UniqueIdentifier>
    </Filter>
    <Filter Include="头文件\基本框架\数据库">
      <UniqueIdentifier>{8e3672d4-42db-4b30-b78a-d649e710d70d}</UniqueIdentifier>
    </Filter>
    <Filter Include="头文件\主回路">
      <UniqueIdentifier>{f243de59-b4cb-4f4f-ad4d-d1ca129807bd}</UniqueIdentifier>
    </Filter>
    <Filter Include="头文件\主回路\mc计算">
      <UniqueIdentifier>{9fb66757-cd3d-400e-b7d9-a082276a1153}</UniqueIdentifier>
    </Filter>
    <Filter Include="头文件\主回路\mcDevice">
      <UniqueIdentifier>{46b9a545-2381-4cf2-9c91-0fecbabe58b0}</UniqueIdentifier>
    </Filter>
    <Filter Include="源文件\主回路">
      <UniqueIdentifier>{ea858a2f-55e8-46c1-b8f2-5b6818d83696}</UniqueIdentifier>
    </Filter>
    <Filter Include="源文件\主回路\mc计算">
      <UniqueIdentifier>{c82ed04f-ee62-4727-add1-342047f2d3a7}</UniqueIdentifier>
    </Filter>
    <Filter Include="源文件\主回路\mcDevice">
      <UniqueIdentifier>{076baa46-0015-47d7-a903-deb4b250a087}</UniqueIdentifier>
    </Filter>
    <Filter Include="头文件\主回路\mc计算MVC">
      <UniqueIdentifier>{278acdda-301c-4aac-8356-ae96de3e8941}</UniqueIdentifier>
    </Filter>
    <Filter Include="源文件\主回路\mc计算MVC">
      <UniqueIdentifier>{a44a431c-93d8-4aac-88b1-b581dfe641c5}</UniqueIdentifier>
    </Filter>
    <Filter Include="头文件\数学计算">
      <UniqueIdentifier>{1aac774c-d90f-499c-b9f2-8874befbc7a8}</UniqueIdentifier>
    </Filter>
    <Filter Include="源文件\数学计算">
      <UniqueIdentifier>{e51db5a0-8a83-422d-b2e8-b7494ea130d5}</UniqueIdentifier>
    </Filter>
    <Filter Include="头文件\Power计算">
      <UniqueIdentifier>{e23fde23-486b-4697-a542-bf01504626b1}</UniqueIdentifier>
    </Filter>
    <Filter Include="源文件\Power计算">
      <UniqueIdentifier>{18f8e6a8-e99d-42ab-9b8a-b5dc8ddd9359}</UniqueIdentifier>
    </Filter>
    <Filter Include="头文件\直流谐波">
      <UniqueIdentifier>{c28621bd-35bb-4987-9b9d-03573a68ab3a}</UniqueIdentifier>
    </Filter>
    <Filter Include="头文件\直流谐波\xbDevice">
      <UniqueIdentifier>{b2a01567-b683-4206-a1ea-43f31a29fa0c}</UniqueIdentifier>
    </Filter>
    <Filter Include="头文件\直流谐波\xb计算">
      <UniqueIdentifier>{04c4f588-28f2-4f78-872b-e4c58e46f410}</UniqueIdentifier>
    </Filter>
    <Filter Include="头文件\直流谐波\xb计算Mvc">
      <UniqueIdentifier>{b7caa8b7-0483-4362-a2e4-a3b25e3fffac}</UniqueIdentifier>
    </Filter>
    <Filter Include="源文件\直流谐波">
      <UniqueIdentifier>{ffb9e1e5-474a-4f15-a527-b2173b9ded41}</UniqueIdentifier>
    </Filter>
    <Filter Include="源文件\直流谐波\xbDevice">
      <UniqueIdentifier>{1f153967-4d83-4914-ac43-17f24b360c49}</UniqueIdentifier>
    </Filter>
    <Filter Include="源文件\直流谐波\xb计算">
      <UniqueIdentifier>{713e9ee3-eaea-49df-9503-e6befbe31c22}</UniqueIdentifier>
    </Filter>
    <Filter Include="源文件\直流谐波\xb计算Mvc">
      <UniqueIdentifier>{11ee593a-1991-4df7-b2ce-963393f59b5e}</UniqueIdentifier>
    </Filter>
  </ItemGroup>
  <ItemGroup>
    <ClCompile Include="CPowerGrid.cpp">
      <Filter>源文件\DeviceBase</Filter>
    </ClCompile>
    <ClCompile Include="CHvdcFunc.cpp">
      <Filter>源文件\HvdcApp</Filter>
    </ClCompile>
    <ClCompile Include="CHvdcDefs.cpp">
      <Filter>源文件\HvdcApp</Filter>
    </ClCompile>
    <ClCompile Include="CHvdcVars.cpp">
      <Filter>源文件\HvdcApp</Filter>
    </ClCompile>
    <ClCompile Include="CHvdcInitApp.cpp">
      <Filter>源文件\HvdcApp</Filter>
    </ClCompile>
    <ClCompile Include="CHvdcParams.cpp">
      <Filter>源文件\HvdcApp</Filter>
    </ClCompile>
    <ClCompile Include="CHvdcMvcs.cpp">
      <Filter>源文件\HvdcApp</Filter>
    </ClCompile>
    <ClCompile Include="CDeviceTBL.cpp">
      <Filter>源文件\DeviceBase</Filter>
    </ClCompile>
    <ClCompile Include="CMyFunc.cpp">
      <Filter>源文件\基本框架</Filter>
    </ClCompile>
    <ClCompile Include="CMyInitApp.cpp">
      <Filter>源文件\基本框架</Filter>
    </ClCompile>
    <ClCompile Include="CMyMvcs.cpp">
      <Filter>源文件\基本框架</Filter>
    </ClCompile>
    <ClCompile Include="CMyParams.cpp">
      <Filter>源文件\基本框架</Filter>
    </ClCompile>
    <ClCompile Include="CMyVars.cpp">
      <Filter>源文件\基本框架</Filter>
    </ClCompile>
    <ClCompile Include="CmcCalculate.cpp">
      <Filter>源文件\主回路\mc计算</Filter>
    </ClCompile>
    <ClCompile Include="CmcCalAcFilter.cpp">
      <Filter>源文件\主回路\mc计算</Filter>
    </ClCompile>
    <ClCompile Include="CmcCalAcSys.cpp">
      <Filter>源文件\主回路\mc计算</Filter>
    </ClCompile>
    <ClCompile Include="CmcCalConvertor.cpp">
      <Filter>源文件\主回路\mc计算</Filter>
    </ClCompile>
    <ClCompile Include="CmcCalDcLine.cpp">
      <Filter>源文件\主回路\mc计算</Filter>
    </ClCompile>
    <ClCompile Include="CmcCalGround.cpp">
      <Filter>源文件\主回路\mc计算</Filter>
    </ClCompile>
    <ClCompile Include="CmcCalGroundLine.cpp">
      <Filter>源文件\主回路\mc计算</Filter>
    </ClCompile>
    <ClCompile Include="CmcCalMetalLine.cpp">
      <Filter>源文件\主回路\mc计算</Filter>
    </ClCompile>
    <ClCompile Include="CmcCalOneDot.cpp">
      <Filter>源文件\主回路\mc计算</Filter>
    </ClCompile>
    <ClCompile Include="CmcCalTwoDot.cpp">
      <Filter>源文件\主回路\mc计算</Filter>
    </ClCompile>
    <ClCompile Include="CmcCalXf2.cpp">
      <Filter>源文件\主回路\mc计算</Filter>
    </ClCompile>
    <ClCompile Include="CMyRwAdo.cpp">
      <Filter>源文件\基本框架\数据库</Filter>
    </ClCompile>
    <ClCompile Include="CMyRw.cpp">
      <Filter>源文件\基本框架\数据库</Filter>
    </ClCompile>
    <ClCompile Include="CObjBase.cpp">
      <Filter>源文件\基本框架\对象基类</Filter>
    </ClCompile>
    <ClCompile Include="CObjTBLBase.cpp">
      <Filter>源文件\基本框架\对象基类</Filter>
    </ClCompile>
    <ClCompile Include="CmcDevAcFilter.cpp">
      <Filter>源文件\主回路\mcDevice</Filter>
    </ClCompile>
    <ClCompile Include="CmcDevAcSys.cpp">
      <Filter>源文件\主回路\mcDevice</Filter>
    </ClCompile>
    <ClCompile Include="CmcDevConvertor.cpp">
      <Filter>源文件\主回路\mcDevice</Filter>
    </ClCompile>
    <ClCompile Include="CmcDevDcLine.cpp">
      <Filter>源文件\主回路\mcDevice</Filter>
    </ClCompile>
    <ClCompile Include="CmcDevGround.cpp">
      <Filter>源文件\主回路\mcDevice</Filter>
    </ClCompile>
    <ClCompile Include="CmcDevGroundLine.cpp">
      <Filter>源文件\主回路\mcDevice</Filter>
    </ClCompile>
    <ClCompile Include="CmcDevMetalLine.cpp">
      <Filter>源文件\主回路\mcDevice</Filter>
    </ClCompile>
    <ClCompile Include="CmcDevXf2.cpp">
      <Filter>源文件\主回路\mcDevice</Filter>
    </ClCompile>
    <ClCompile Include="CDeviceBase.cpp">
      <Filter>源文件\DeviceBase</Filter>
    </ClCompile>
    <ClCompile Include="CmcSolves.cpp">
      <Filter>源文件\主回路\mc计算MVC</Filter>
    </ClCompile>
    <ClCompile Include="CmcSolveMvc.cpp">
      <Filter>源文件\主回路\mc计算MVC</Filter>
    </ClCompile>
    <ClCompile Include="CmcResult.cpp">
      <Filter>源文件\主回路\mc计算MVC</Filter>
    </ClCompile>
    <ClCompile Include="CmcProfile.cpp">
      <Filter>源文件\主回路\mc计算MVC</Filter>
    </ClCompile>
    <ClCompile Include="CmcOrder.cpp">
      <Filter>源文件\主回路\mc计算MVC</Filter>
    </ClCompile>
    <ClCompile Include="CmcRw.cpp">
      <Filter>源文件\主回路</Filter>
    </ClCompile>
    <ClCompile Include="CPowerMath.cpp">
      <Filter>源文件\数学计算</Filter>
    </ClCompile>
    <ClCompile Include="CMath.cpp">
      <Filter>源文件\数学计算</Filter>
    </ClCompile>
    <ClCompile Include="CMath_NL.cpp">
      <Filter>源文件\数学计算</Filter>
    </ClCompile>
    <ClCompile Include="CComplex.cpp">
      <Filter>源文件\数学计算</Filter>
    </ClCompile>
    <ClCompile Include="CMatrix.cpp">
      <Filter>源文件\数学计算</Filter>
    </ClCompile>
    <ClCompile Include="CPowerCalculate.cpp">
      <Filter>源文件\Power计算</Filter>
    </ClCompile>
    <ClCompile Include="CPowerProfile.cpp">
      <Filter>源文件\Power计算</Filter>
    </ClCompile>
    <ClCompile Include="CPowerSolveMvc.cpp">
      <Filter>源文件\Power计算</Filter>
    </ClCompile>
    <ClCompile Include="CPowerSolves.cpp">
      <Filter>源文件\Power计算</Filter>
    </ClCompile>
    <ClCompile Include="CmcHvdcGrid.cpp">
      <Filter>源文件\主回路</Filter>
    </ClCompile>
    <ClCompile Include="CRand.cpp">
      <Filter>源文件\数学计算</Filter>
    </ClCompile>
    <ClCompile Include="CxbHvdcGrid.cpp">
      <Filter>源文件\直流谐波</Filter>
    </ClCompile>
    <ClCompile Include="CxbRw.cpp">
      <Filter>源文件\直流谐波</Filter>
    </ClCompile>
    <ClCompile Include="CxbDev3pVSrc.cpp">
      <Filter>源文件\直流谐波\xbDevice</Filter>
    </ClCompile>
    <ClCompile Include="CxbDevBase.cpp">
      <Filter>源文件\直流谐波\xbDevice</Filter>
    </ClCompile>
    <ClCompile Include="CxbDevBranch.cpp">
      <Filter>源文件\直流谐波\xbDevice</Filter>
    </ClCompile>
    <ClCompile Include="CxbDevCouple_C.cpp">
      <Filter>源文件\直流谐波\xbDevice</Filter>
    </ClCompile>
    <ClCompile Include="CxbDevDCF.cpp">
      <Filter>源文件\直流谐波\xbDevice</Filter>
    </ClCompile>
    <ClCompile Include="CxbDevDcLine.cpp">
      <Filter>源文件\直流谐波\xbDevice</Filter>
    </ClCompile>
    <ClCompile Include="CxbDevGround.cpp">
      <Filter>源文件\直流谐波\xbDevice</Filter>
    </ClCompile>
    <ClCompile Include="CxbDevGroundLine.cpp">
      <Filter>源文件\直流谐波\xbDevice</Filter>
    </ClCompile>
    <ClCompile Include="CxbDevMetalLine.cpp">
      <Filter>源文件\直流谐波\xbDevice</Filter>
    </ClCompile>
    <ClCompile Include="CxbDevOneDot.cpp">
      <Filter>源文件\直流谐波\xbDevice</Filter>
    </ClCompile>
    <ClCompile Include="CxbDevPbDkq.cpp">
      <Filter>源文件\直流谐波\xbDevice</Filter>
    </ClCompile>
    <ClCompile Include="CxbDevPulse_C.cpp">
      <Filter>源文件\直流谐波\xbDevice</Filter>
    </ClCompile>
    <ClCompile Include="CxbDevShunt.cpp">
      <Filter>源文件\直流谐波\xbDevice</Filter>
    </ClCompile>
    <ClCompile Include="CxbDevTwoDot.cpp">
      <Filter>源文件\直流谐波\xbDevice</Filter>
    </ClCompile>
    <ClCompile Include="CxbDevXf_C.cpp">
      <Filter>源文件\直流谐波\xbDevice</Filter>
    </ClCompile>
    <ClCompile Include="CxbCal3pVSrc.cpp">
      <Filter>源文件\直流谐波\xb计算</Filter>
    </ClCompile>
    <ClCompile Include="CxbCalBranch.cpp">
      <Filter>源文件\直流谐波\xb计算</Filter>
    </ClCompile>
    <ClCompile Include="CxbCalCouple_C.cpp">
      <Filter>源文件\直流谐波\xb计算</Filter>
    </ClCompile>
    <ClCompile Include="CxbCalculate.cpp">
      <Filter>源文件\直流谐波\xb计算</Filter>
    </ClCompile>
    <ClCompile Include="CxbCalDcF.cpp">
      <Filter>源文件\直流谐波\xb计算</Filter>
    </ClCompile>
    <ClCompile Include="CxbCalDcLine.cpp">
      <Filter>源文件\直流谐波\xb计算</Filter>
    </ClCompile>
    <ClCompile Include="CxbCalGround.cpp">
      <Filter>源文件\直流谐波\xb计算</Filter>
    </ClCompile>
    <ClCompile Include="CxbCalGroundLine.cpp">
      <Filter>源文件\直流谐波\xb计算</Filter>
    </ClCompile>
    <ClCompile Include="CxbCalMetalLine.cpp">
      <Filter>源文件\直流谐波\xb计算</Filter>
    </ClCompile>
    <ClCompile Include="CxbCalOneDot.cpp">
      <Filter>源文件\直流谐波\xb计算</Filter>
    </ClCompile>
    <ClCompile Include="CxbCalPbDkq.cpp">
      <Filter>源文件\直流谐波\xb计算</Filter>
    </ClCompile>
    <ClCompile Include="CxbCalPulse_C.cpp">
      <Filter>源文件\直流谐波\xb计算</Filter>
    </ClCompile>
    <ClCompile Include="CxbCalShunt.cpp">
      <Filter>源文件\直流谐波\xb计算</Filter>
    </ClCompile>
    <ClCompile Include="CxbCalTwoDot.cpp">
      <Filter>源文件\直流谐波\xb计算</Filter>
    </ClCompile>
    <ClCompile Include="CxbCalXf_C.cpp">
      <Filter>源文件\直流谐波\xb计算</Filter>
    </ClCompile>
    <ClCompile Include="CxbOrder.cpp">
      <Filter>源文件\直流谐波\xb计算Mvc</Filter>
    </ClCompile>
    <ClCompile Include="CxbProfile.cpp">
      <Filter>源文件\直流谐波\xb计算Mvc</Filter>
    </ClCompile>
    <ClCompile Include="CxbResult.cpp">
      <Filter>源文件\直流谐波\xb计算Mvc</Filter>
    </ClCompile>
    <ClCompile Include="CxbSolveMvc.cpp">
      <Filter>源文件\直流谐波\xb计算Mvc</Filter>
    </ClCompile>
    <ClCompile Include="CxbSolves.cpp">
      <Filter>源文件\直流谐波\xb计算Mvc</Filter>
    </ClCompile>
    <ClCompile Include="Main.cpp">
      <Filter>源文件</Filter>
    </ClCompile>
    <ClCompile Include="CmcDevBase.cpp">
      <Filter>源文件\主回路\mcDevice</Filter>
    </ClCompile>
    <ClCompile Include="CmcDevBranch.cpp">
      <Filter>源文件\主回路\mcDevice</Filter>
    </ClCompile>
    <ClCompile Include="CmcDevOneDot.cpp">
      <Filter>源文件\主回路\mcDevice</Filter>
    </ClCompile>
    <ClCompile Include="CmcDevShunt.cpp">
      <Filter>源文件\主回路\mcDevice</Filter>
    </ClCompile>
    <ClCompile Include="CmcDevTwoDot.cpp">
      <Filter>源文件\主回路\mcDevice</Filter>
    </ClCompile>
  </ItemGroup>
  <ItemGroup>
    <ClInclude Include="CPowerGrid.h">
      <Filter>头文件\DeviceBase</Filter>
    </ClInclude>
    <ClInclude Include="CHvdcFunc.h">
      <Filter>头文件\HvdcApp</Filter>
    </ClInclude>
    <ClInclude Include="CHvdcVars.h">
      <Filter>头文件\HvdcApp</Filter>
    </ClInclude>
    <ClInclude Include="CHvdcInitApp.h">
      <Filter>头文件\HvdcApp</Filter>
    </ClInclude>
    <ClInclude Include="CHvdcParams.h">
      <Filter>头文件\HvdcApp</Filter>
    </ClInclude>
    <ClInclude Include="CHvdcMvcs.h">
      <Filter>头文件\HvdcApp</Filter>
    </ClInclude>
    <ClInclude Include="CDeviceTBL.h">
      <Filter>头文件\DeviceBase</Filter>
    </ClInclude>
    <ClInclude Include="CMyFunc.h">
      <Filter>头文件\基本框架</Filter>
    </ClInclude>
    <ClInclude Include="CMyInitApp.h">
      <Filter>头文件\基本框架</Filter>
    </ClInclude>
    <ClInclude Include="CMyMvcs.h">
      <Filter>头文件\基本框架</Filter>
    </ClInclude>
    <ClInclude Include="CMyParams.h">
      <Filter>头文件\基本框架</Filter>
    </ClInclude>
    <ClInclude Include="CMyVars.h">
      <Filter>头文件\基本框架</Filter>
    </ClInclude>
    <ClInclude Include="CmcCalculate.h">
      <Filter>头文件\主回路\mc计算</Filter>
    </ClInclude>
    <ClInclude Include="CmcCalAcFilter.h">
      <Filter>头文件\主回路\mc计算</Filter>
    </ClInclude>
    <ClInclude Include="CmcCalAcSys.h">
      <Filter>头文件\主回路\mc计算</Filter>
    </ClInclude>
    <ClInclude Include="CmcCalConvertor.h">
      <Filter>头文件\主回路\mc计算</Filter>
    </ClInclude>
    <ClInclude Include="CmcCalDcLine.h">
      <Filter>头文件\主回路\mc计算</Filter>
    </ClInclude>
    <ClInclude Include="CmcCalGround.h">
      <Filter>头文件\主回路\mc计算</Filter>
    </ClInclude>
    <ClInclude Include="CmcCalGroundLine.h">
      <Filter>头文件\主回路\mc计算</Filter>
    </ClInclude>
    <ClInclude Include="CmcCalMetalLine.h">
      <Filter>头文件\主回路\mc计算</Filter>
    </ClInclude>
    <ClInclude Include="CmcCalOneDot.h">
      <Filter>头文件\主回路\mc计算</Filter>
    </ClInclude>
    <ClInclude Include="CmcCalTwoDot.h">
      <Filter>头文件\主回路\mc计算</Filter>
    </ClInclude>
    <ClInclude Include="CmcCalXf2.h">
      <Filter>头文件\主回路\mc计算</Filter>
    </ClInclude>
    <ClInclude Include="gbHead_mcCal.h">
      <Filter>头文件</Filter>
    </ClInclude>
    <ClInclude Include="CObjBase.h">
      <Filter>头文件\基本框架\对象基类</Filter>
    </ClInclude>
    <ClInclude Include="CMyRw.h">
      <Filter>头文件\基本框架\数据库</Filter>
    </ClInclude>
    <ClInclude Include="CMyRwAdo.h">
      <Filter>头文件\基本框架\数据库</Filter>
    </ClInclude>
    <ClInclude Include="CObjTBLBase.h">
      <Filter>头文件\基本框架\对象基类</Filter>
    </ClInclude>
    <ClInclude Include="CmcDevAcFilter.h">
      <Filter>头文件\主回路\mcDevice</Filter>
    </ClInclude>
    <ClInclude Include="CmcDevAcSys.h">
      <Filter>头文件\主回路\mcDevice</Filter>
    </ClInclude>
    <ClInclude Include="CmcDevConvertor.h">
      <Filter>头文件\主回路\mcDevice</Filter>
    </ClInclude>
    <ClInclude Include="CmcDevDcLine.h">
      <Filter>头文件\主回路\mcDevice</Filter>
    </ClInclude>
    <ClInclude Include="CmcDevGround.h">
      <Filter>头文件\主回路\mcDevice</Filter>
    </ClInclude>
    <ClInclude Include="CmcDevGroundLine.h">
      <Filter>头文件\主回路\mcDevice</Filter>
    </ClInclude>
    <ClInclude Include="CmcDevMetalLine.h">
      <Filter>头文件\主回路\mcDevice</Filter>
    </ClInclude>
    <ClInclude Include="CmcDevXf2.h">
      <Filter>头文件\主回路\mcDevice</Filter>
    </ClInclude>
    <ClInclude Include="gbHead_mcDevice.h">
      <Filter>头文件</Filter>
    </ClInclude>
    <ClInclude Include="gbHead_Var.h">
      <Filter>头文件</Filter>
    </ClInclude>
    <ClInclude Include="gbHead_SysVar.h">
      <Filter>头文件</Filter>
    </ClInclude>
    <ClInclude Include="CDeviceBase.h">
      <Filter>头文件\DeviceBase</Filter>
    </ClInclude>
    <ClInclude Include="gbHead_xbDevice.h">
      <Filter>头文件</Filter>
    </ClInclude>
    <ClInclude Include="CMyDefs.h">
      <Filter>头文件</Filter>
    </ClInclude>
    <ClInclude Include="CmcRw.h">
      <Filter>头文件\主回路</Filter>
    </ClInclude>
    <ClInclude Include="gbHead_xbCal.h">
      <Filter>头文件</Filter>
    </ClInclude>
    <ClInclude Include="CmcSolves.h">
      <Filter>头文件\主回路\mc计算MVC</Filter>
    </ClInclude>
    <ClInclude Include="CmcSolveMvc.h">
      <Filter>头文件\主回路\mc计算MVC</Filter>
    </ClInclude>
    <ClInclude Include="CmcResult.h">
      <Filter>头文件\主回路\mc计算MVC</Filter>
    </ClInclude>
    <ClInclude Include="CmcProfile.h">
      <Filter>头文件\主回路\mc计算MVC</Filter>
    </ClInclude>
    <ClInclude Include="CmcOrder.h">
      <Filter>头文件\主回路\mc计算MVC</Filter>
    </ClInclude>
    <ClInclude Include="CPowerMath.h">
      <Filter>头文件\数学计算</Filter>
    </ClInclude>
    <ClInclude Include="CMath.h">
      <Filter>头文件\数学计算</Filter>
    </ClInclude>
    <ClInclude Include="CMath_NL.h">
      <Filter>头文件\数学计算</Filter>
    </ClInclude>
    <ClInclude Include="CComplex.h">
      <Filter>头文件\数学计算</Filter>
    </ClInclude>
    <ClInclude Include="CMatrix.h">
      <Filter>头文件\数学计算</Filter>
    </ClInclude>
    <ClInclude Include="CPowerCalculate.h">
      <Filter>头文件\Power计算</Filter>
    </ClInclude>
    <ClInclude Include="CPowerProfile.h">
      <Filter>头文件\Power计算</Filter>
    </ClInclude>
    <ClInclude Include="CPowerSolveMvc.h">
      <Filter>头文件\Power计算</Filter>
    </ClInclude>
    <ClInclude Include="CPowerSolves.h">
      <Filter>头文件\Power计算</Filter>
    </ClInclude>
    <ClInclude Include="CmcHvdcGrid.h">
      <Filter>头文件\主回路</Filter>
    </ClInclude>
    <ClInclude Include="CRand.h">
      <Filter>头文件\数学计算</Filter>
    </ClInclude>
    <ClInclude Include="CxbHvdcGrid.h">
      <Filter>头文件\直流谐波</Filter>
    </ClInclude>
    <ClInclude Include="CxbRw.h">
      <Filter>头文件\直流谐波</Filter>
    </ClInclude>
    <ClInclude Include="CxbDev3pVSrc.h">
      <Filter>头文件\直流谐波\xbDevice</Filter>
    </ClInclude>
    <ClInclude Include="CxbDevBase.h">
      <Filter>头文件\直流谐波\xbDevice</Filter>
    </ClInclude>
    <ClInclude Include="CxbDevBranch.h">
      <Filter>头文件\直流谐波\xbDevice</Filter>
    </ClInclude>
    <ClInclude Include="CxbDevCouple_C.h">
      <Filter>头文件\直流谐波\xbDevice</Filter>
    </ClInclude>
    <ClInclude Include="CxbDevDCF.h">
      <Filter>头文件\直流谐波\xbDevice</Filter>
    </ClInclude>
    <ClInclude Include="CxbDevDcLine.h">
      <Filter>头文件\直流谐波\xbDevice</Filter>
    </ClInclude>
    <ClInclude Include="CxbDevGround.h">
      <Filter>头文件\直流谐波\xbDevice</Filter>
    </ClInclude>
    <ClInclude Include="CxbDevGroundLine.h">
      <Filter>头文件\直流谐波\xbDevice</Filter>
    </ClInclude>
    <ClInclude Include="CxbDeviceBase.h">
      <Filter>头文件\直流谐波\xbDevice</Filter>
    </ClInclude>
    <ClInclude Include="CxbDevMetalLine.h">
      <Filter>头文件\直流谐波\xbDevice</Filter>
    </ClInclude>
    <ClInclude Include="CxbDevOneDot.h">
      <Filter>头文件\直流谐波\xbDevice</Filter>
    </ClInclude>
    <ClInclude Include="CxbDevPbDkq.h">
      <Filter>头文件\直流谐波\xbDevice</Filter>
    </ClInclude>
    <ClInclude Include="CxbDevPulse_C.h">
      <Filter>头文件\直流谐波\xbDevice</Filter>
    </ClInclude>
    <ClInclude Include="CxbDevShunt.h">
      <Filter>头文件\直流谐波\xbDevice</Filter>
    </ClInclude>
    <ClInclude Include="CxbDevTwoDot.h">
      <Filter>头文件\直流谐波\xbDevice</Filter>
    </ClInclude>
    <ClInclude Include="CxbDevXf_C.h">
      <Filter>头文件\直流谐波\xbDevice</Filter>
    </ClInclude>
    <ClInclude Include="CxbCal3pVSrc.h">
      <Filter>头文件\直流谐波\xb计算</Filter>
    </ClInclude>
    <ClInclude Include="CxbCalBranch.h">
      <Filter>头文件\直流谐波\xb计算</Filter>
    </ClInclude>
    <ClInclude Include="CxbCalCouple_C.h">
      <Filter>头文件\直流谐波\xb计算</Filter>
    </ClInclude>
    <ClInclude Include="CxbCalculate.h">
      <Filter>头文件\直流谐波\xb计算</Filter>
    </ClInclude>
    <ClInclude Include="CxbCalDcF.h">
      <Filter>头文件\直流谐波\xb计算</Filter>
    </ClInclude>
    <ClInclude Include="CxbCalDcLine.h">
      <Filter>头文件\直流谐波\xb计算</Filter>
    </ClInclude>
    <ClInclude Include="CxbCalGround.h">
      <Filter>头文件\直流谐波\xb计算</Filter>
    </ClInclude>
    <ClInclude Include="CxbCalGroundLine.h">
      <Filter>头文件\直流谐波\xb计算</Filter>
    </ClInclude>
    <ClInclude Include="CxbCalMetalLine.h">
      <Filter>头文件\直流谐波\xb计算</Filter>
    </ClInclude>
    <ClInclude Include="CxbCalOneDot.h">
      <Filter>头文件\直流谐波\xb计算</Filter>
    </ClInclude>
    <ClInclude Include="CxbCalPbDkq.h">
      <Filter>头文件\直流谐波\xb计算</Filter>
    </ClInclude>
    <ClInclude Include="CxbCalPulse_C.h">
      <Filter>头文件\直流谐波\xb计算</Filter>
    </ClInclude>
    <ClInclude Include="CxbCalShunt.h">
      <Filter>头文件\直流谐波\xb计算</Filter>
    </ClInclude>
    <ClInclude Include="CxbCalTwoDot.h">
      <Filter>头文件\直流谐波\xb计算</Filter>
    </ClInclude>
    <ClInclude Include="CxbCalXf_C.h">
      <Filter>头文件\直流谐波\xb计算</Filter>
    </ClInclude>
    <ClInclude Include="CxbOrder.h">
      <Filter>头文件\直流谐波\xb计算Mvc</Filter>
    </ClInclude>
    <ClInclude Include="CxbProfile.h">
      <Filter>头文件\直流谐波\xb计算Mvc</Filter>
    </ClInclude>
    <ClInclude Include="CxbResult.h">
      <Filter>头文件\直流谐波\xb计算Mvc</Filter>
    </ClInclude>
    <ClInclude Include="CxbSolveMvc.h">
      <Filter>头文件\直流谐波\xb计算Mvc</Filter>
    </ClInclude>
    <ClInclude Include="CxbSolves.h">
      <Filter>头文件\直流谐波\xb计算Mvc</Filter>
    </ClInclude>
    <ClInclude Include="CmcDevBase.h">
      <Filter>头文件\主回路\mcDevice</Filter>
    </ClInclude>
    <ClInclude Include="CmcDevBranch.h">
      <Filter>头文件\主回路\mcDevice</Filter>
    </ClInclude>
    <ClInclude Include="CmcDevOneDot.h">
      <Filter>头文件\主回路\mcDevice</Filter>
    </ClInclude>
    <ClInclude Include="CmcDevShunt.h">
      <Filter>头文件\主回路\mcDevice</Filter>
    </ClInclude>
    <ClInclude Include="CmcDevTwoDot.h">
      <Filter>头文件\主回路\mcDevice</Filter>
    </ClInclude>
    <ClInclude Include="CxbDefs.h">
      <Filter>头文件</Filter>
    </ClInclude>
    <ClInclude Include="gbHead_Def.h">
      <Filter>头文件</Filter>
    </ClInclude>
    <ClInclude Include="CmcDefs.h">
      <Filter>头文件</Filter>
    </ClInclude>
    <ClInclude Include="CHvdcDefs.h">
      <Filter>头文件</Filter>
    </ClInclude>
  </ItemGroup>
</Project>